
Microsoft Visual Studio Solution File, Format Version 12.00
# Visual Studio Version 16
VisualStudioVersion = 16.0.29911.84
MinimumVisualStudioVersion = 10.0.40219.1
Project("{8BC9CEB8-8B4A-11D0-8D11-00A0C91BC942}") = "SumaNumeros", "SumaNumeros\SumaNumeros.vcxproj", "{E8E508C8-49F7-4F04-B026-1AF2A4AFCB96}"
EndProject
Global
	GlobalSection(SolutionConfigurationPlatforms) = preSolution
		Debug|x64 = Debug|x64
		Debug|x86 = Debug|x86
		Release|x64 = Release|x64
		Release|x86 = Release|x86
	EndGlobalSection
	GlobalSection(ProjectConfigurationPlatforms) = postSolution
		{E8E508C8-49F7-4F04-B026-1AF2A4AFCB96}.Debug|x64.ActiveCfg = Debug|x64
		{E8E508C8-49F7-4F04-B026-1AF2A4AFCB96}.Debug|x64.Build.0 = Debug|x64
		{E8E508C8-49F7-4F04-B026-1AF2A4AFCB96}.Debug|x86.ActiveCfg = Debug|Win32
		{E8E508C8-49F7-4F04-B026-1AF2A4AFCB96}.Debug|x86.Build.0 = Debug|Win32
		{E8E508C8-49F7-4F04-B026-1AF2A4AFCB96}.Release|x64.ActiveCfg = Release|x64
		{E8E508C8-49F7-4F04-B026-1AF2A4AFCB96}.Release|x64.Build.0 = Release|x64
		{E8E508C8-49F7-4F04-B026-1AF2A4AFCB96}.Release|x86.ActiveCfg = Release|Win32
		{E8E508C8-49F7-4F04-B026-1AF2A4AFCB96}.Release|x86.Build.0 = Release|Win32
	EndGlobalSection
	GlobalSection(SolutionProperties) = preSolution
		HideSolutionNode = FALSE
	EndGlobalSection
	GlobalSection(ExtensibilityGlobals) = postSolution
		SolutionGuid = {63B9F376-06B7-4806-936C-E8A669073980}
	EndGlobalSection
EndGlobal
